
Microsoft Visual Studio Solution File, Format Version 12.00
# Visual Studio Version 17
VisualStudioVersion = 17.0.31903.59
MinimumVisualStudioVersion = 10.0.40219.1
Project("{FAE04EC0-301F-11D3-BF4B-00C04F79EFBC}") = "Aspire.Hosting.AWS", "src\Aspire.Hosting.AWS\Aspire.Hosting.AWS.csproj", "{FCC551D0-2D3F-4860-9182-27AFD23D6004}"
EndProject
Project("{FAE04EC0-301F-11D3-BF4B-00C04F79EFBC}") = "Aspire.Hosting.AWS.CDK", "src\Aspire.Hosting.AWS.CDK\Aspire.Hosting.AWS.CDK.csproj", "{E67FD575-BE29-4294-815F-DB0FC0EFFFBF}"
EndProject
Global
	GlobalSection(SolutionConfigurationPlatforms) = preSolution
		Debug|Any CPU = Debug|Any CPU
		Release|Any CPU = Release|Any CPU
	EndGlobalSection
	GlobalSection(SolutionProperties) = preSolution
		HideSolutionNode = FALSE
	EndGlobalSection
	GlobalSection(ProjectConfigurationPlatforms) = postSolution
		{FCC551D0-2D3F-4860-9182-27AFD23D6004}.Debug|Any CPU.ActiveCfg = Debug|Any CPU
		{FCC551D0-2D3F-4860-9182-27AFD23D6004}.Debug|Any CPU.Build.0 = Debug|Any CPU
		{FCC551D0-2D3F-4860-9182-27AFD23D6004}.Release|Any CPU.ActiveCfg = Release|Any CPU
		{FCC551D0-2D3F-4860-9182-27AFD23D6004}.Release|Any CPU.Build.0 = Release|Any CPU
		{E67FD575-BE29-4294-815F-DB0FC0EFFFBF}.Debug|Any CPU.ActiveCfg = Debug|Any CPU
		{E67FD575-BE29-4294-815F-DB0FC0EFFFBF}.Debug|Any CPU.Build.0 = Debug|Any CPU
		{E67FD575-BE29-4294-815F-DB0FC0EFFFBF}.Release|Any CPU.ActiveCfg = Release|Any CPU
		{E67FD575-BE29-4294-815F-DB0FC0EFFFBF}.Release|Any CPU.Build.0 = Release|Any CPU
	EndGlobalSection
EndGlobal
